
Microsoft Visual Studio Solution File, Format Version 12.00
# Visual Studio Version 16
VisualStudioVersion = 16.0.31005.135
MinimumVisualStudioVersion = 10.0.40219.1
Project("{9A19103F-16F7-4668-BE54-9A1E7A4F7556}") = "DierentuinV0.3", "Dierentuin\DierentuinV0.3.csproj", "{1E6A3D75-0CC7-4AC9-B9D4-DE96EF014F52}"
EndProject
Project("{2150E333-8FDC-42A3-9474-1A3956D46DE8}") = "Solution Items", "Solution Items", "{E2BEE200-75C8-4199-BD2E-2B3C268B510A}"
	ProjectSection(SolutionItems) = preProject
		ClassDiagramV0.3.puml = ClassDiagramV0.3.puml
	EndProjectSection
EndProject
Global
	GlobalSection(SolutionConfigurationPlatforms) = preSolution
		Debug|Any CPU = Debug|Any CPU
		Release|Any CPU = Release|Any CPU
	EndGlobalSection
	GlobalSection(ProjectConfigurationPlatforms) = postSolution
		{1E6A3D75-0CC7-4AC9-B9D4-DE96EF014F52}.Debug|Any CPU.ActiveCfg = Debug|Any CPU
		{1E6A3D75-0CC7-4AC9-B9D4-DE96EF014F52}.Debug|Any CPU.Build.0 = Debug|Any CPU
		{1E6A3D75-0CC7-4AC9-B9D4-DE96EF014F52}.Release|Any CPU.ActiveCfg = Release|Any CPU
		{1E6A3D75-0CC7-4AC9-B9D4-DE96EF014F52}.Release|Any CPU.Build.0 = Release|Any CPU
	EndGlobalSection
	GlobalSection(SolutionProperties) = preSolution
		HideSolutionNode = FALSE
	EndGlobalSection
	GlobalSection(ExtensibilityGlobals) = postSolution
		SolutionGuid = {E0EEEAB7-E662-43A6-B857-8C0B76A0A3A8}
	EndGlobalSection
EndGlobal
